
Microsoft Visual Studio Solution File, Format Version 12.00
# Visual Studio 15
VisualStudioVersion = 15.0.28010.2036
MinimumVisualStudioVersion = 10.0.40219.1
Project("{FAE04EC0-301F-11D3-BF4B-00C04F79EFBC}") = "AnalisisCostoR18", "AnalisisCostoR18.csproj", "{52C23737-5031-4DAF-83CD-47F9B6DEB584}"
EndProject
Global
	GlobalSection(SolutionConfigurationPlatforms) = preSolution
		Debug|Any CPU = Debug|Any CPU
		Release|Any CPU = Release|Any CPU
	EndGlobalSection
	GlobalSection(ProjectConfigurationPlatforms) = postSolution
		{52C23737-5031-4DAF-83CD-47F9B6DEB584}.Debug|Any CPU.ActiveCfg = Debug|Any CPU
		{52C23737-5031-4DAF-83CD-47F9B6DEB584}.Debug|Any CPU.Build.0 = Debug|Any CPU
		{52C23737-5031-4DAF-83CD-47F9B6DEB584}.Release|Any CPU.ActiveCfg = Release|Any CPU
		{52C23737-5031-4DAF-83CD-47F9B6DEB584}.Release|Any CPU.Build.0 = Release|Any CPU
	EndGlobalSection
	GlobalSection(SolutionProperties) = preSolution
		HideSolutionNode = FALSE
	EndGlobalSection
	GlobalSection(ExtensibilityGlobals) = postSolution
		SolutionGuid = {61D870C4-8268-438D-AA74-0BFFED8ABE45}
	EndGlobalSection
EndGlobal
