
Microsoft Visual Studio Solution File, Format Version 12.00
# Visual Studio 15
VisualStudioVersion = 15.0.28010.2036
MinimumVisualStudioVersion = 10.0.40219.1
Project("{FAE04EC0-301F-11D3-BF4B-00C04F79EFBC}") = "GeneracionPedidosProvedores", "GeneracionPedidosProvedores.csproj", "{DC3729D1-51BF-452F-8E70-75CA23C162F8}"
EndProject
Project("{FAE04EC0-301F-11D3-BF4B-00C04F79EFBC}") = "WindowPV", "..\WindowPV\WindowPV.csproj", "{196EB2A4-DAA3-4757-AC7A-F5C182CA0203}"
EndProject
Project("{FAE04EC0-301F-11D3-BF4B-00C04F79EFBC}") = "Archivo", "..\Archivo\Archivo.csproj", "{D013C4DE-63FD-4ED8-BB92-4FC662EE3CF8}"
EndProject
Project("{FAE04EC0-301F-11D3-BF4B-00C04F79EFBC}") = "Co_Balance", "..\Co_Balance\Co_Balance.csproj", "{C419B3B0-2AD6-42F6-963A-C28D433BFF79}"
EndProject
Project("{FAE04EC0-301F-11D3-BF4B-00C04F79EFBC}") = "AnalisisDeVenta", "..\AnalisisDeVenta\AnalisisDeVenta.csproj", "{4FD9942E-0DED-49D5-BA21-BA6B68F10E68}"
EndProject
Project("{FAE04EC0-301F-11D3-BF4B-00C04F79EFBC}") = "AnalisisCostoR18", "..\AnalisisCostoR18\AnalisisCostoR18.csproj", "{52C23737-5031-4DAF-83CD-47F9B6DEB584}"
EndProject
Project("{FAE04EC0-301F-11D3-BF4B-00C04F79EFBC}") = "PvTrasladosBodega", "..\TrasladoDeBodega\PvTrasladosBodega.csproj", "{3C61A872-D191-4B83-9D43-A4D4842E30EE}"
EndProject
Project("{FAE04EC0-301F-11D3-BF4B-00C04F79EFBC}") = "PvFacturaAnular", "..\PvFacturaAnular\PvFacturaAnular.csproj", "{5E3574B3-D339-420D-9786-54A06140BE81}"
EndProject
Project("{FAE04EC0-301F-11D3-BF4B-00C04F79EFBC}") = "MaestraTerceros", "..\MaestraTerceros\MaestraTerceros.csproj", "{BB59CF7A-A9D2-4E8D-8FF5-A883D995B81B}"
EndProject
Project("{FAE04EC0-301F-11D3-BF4B-00C04F79EFBC}") = "RecibosProvisionales", "..\RecibosProvisionales\RecibosProvisionales.csproj", "{15E3B4A8-9F41-442E-9549-FBC902D64AD6}"
EndProject
Project("{FAE04EC0-301F-11D3-BF4B-00C04F79EFBC}") = "Fletes", "..\Fletes\Fletes.csproj", "{2A7E296F-3ADC-4012-8406-75E5A2271186}"
EndProject
Project("{FAE04EC0-301F-11D3-BF4B-00C04F79EFBC}") = "Sucursal", "..\Sucursal\Sucursal.csproj", "{759516B5-723C-4D43-A42D-5EE3C1CA9044}"
EndProject
Global
	GlobalSection(SolutionConfigurationPlatforms) = preSolution
		Debug|Any CPU = Debug|Any CPU
		Release|Any CPU = Release|Any CPU
	EndGlobalSection
	GlobalSection(ProjectConfigurationPlatforms) = postSolution
		{DC3729D1-51BF-452F-8E70-75CA23C162F8}.Debug|Any CPU.ActiveCfg = Debug|Any CPU
		{DC3729D1-51BF-452F-8E70-75CA23C162F8}.Debug|Any CPU.Build.0 = Debug|Any CPU
		{DC3729D1-51BF-452F-8E70-75CA23C162F8}.Release|Any CPU.ActiveCfg = Release|Any CPU
		{DC3729D1-51BF-452F-8E70-75CA23C162F8}.Release|Any CPU.Build.0 = Release|Any CPU
		{196EB2A4-DAA3-4757-AC7A-F5C182CA0203}.Debug|Any CPU.ActiveCfg = Debug|Any CPU
		{196EB2A4-DAA3-4757-AC7A-F5C182CA0203}.Debug|Any CPU.Build.0 = Debug|Any CPU
		{196EB2A4-DAA3-4757-AC7A-F5C182CA0203}.Release|Any CPU.ActiveCfg = Release|Any CPU
		{196EB2A4-DAA3-4757-AC7A-F5C182CA0203}.Release|Any CPU.Build.0 = Release|Any CPU
		{D013C4DE-63FD-4ED8-BB92-4FC662EE3CF8}.Debug|Any CPU.ActiveCfg = Debug|Any CPU
		{D013C4DE-63FD-4ED8-BB92-4FC662EE3CF8}.Debug|Any CPU.Build.0 = Debug|Any CPU
		{D013C4DE-63FD-4ED8-BB92-4FC662EE3CF8}.Release|Any CPU.ActiveCfg = Release|Any CPU
		{D013C4DE-63FD-4ED8-BB92-4FC662EE3CF8}.Release|Any CPU.Build.0 = Release|Any CPU
		{C419B3B0-2AD6-42F6-963A-C28D433BFF79}.Debug|Any CPU.ActiveCfg = Debug|Any CPU
		{C419B3B0-2AD6-42F6-963A-C28D433BFF79}.Debug|Any CPU.Build.0 = Debug|Any CPU
		{C419B3B0-2AD6-42F6-963A-C28D433BFF79}.Release|Any CPU.ActiveCfg = Release|Any CPU
		{C419B3B0-2AD6-42F6-963A-C28D433BFF79}.Release|Any CPU.Build.0 = Release|Any CPU
		{4FD9942E-0DED-49D5-BA21-BA6B68F10E68}.Debug|Any CPU.ActiveCfg = Debug|Any CPU
		{4FD9942E-0DED-49D5-BA21-BA6B68F10E68}.Debug|Any CPU.Build.0 = Debug|Any CPU
		{4FD9942E-0DED-49D5-BA21-BA6B68F10E68}.Release|Any CPU.ActiveCfg = Release|Any CPU
		{4FD9942E-0DED-49D5-BA21-BA6B68F10E68}.Release|Any CPU.Build.0 = Release|Any CPU
		{52C23737-5031-4DAF-83CD-47F9B6DEB584}.Debug|Any CPU.ActiveCfg = Debug|Any CPU
		{52C23737-5031-4DAF-83CD-47F9B6DEB584}.Debug|Any CPU.Build.0 = Debug|Any CPU
		{52C23737-5031-4DAF-83CD-47F9B6DEB584}.Release|Any CPU.ActiveCfg = Release|Any CPU
		{52C23737-5031-4DAF-83CD-47F9B6DEB584}.Release|Any CPU.Build.0 = Release|Any CPU
		{3C61A872-D191-4B83-9D43-A4D4842E30EE}.Debug|Any CPU.ActiveCfg = Debug|Any CPU
		{3C61A872-D191-4B83-9D43-A4D4842E30EE}.Debug|Any CPU.Build.0 = Debug|Any CPU
		{3C61A872-D191-4B83-9D43-A4D4842E30EE}.Release|Any CPU.ActiveCfg = Release|Any CPU
		{3C61A872-D191-4B83-9D43-A4D4842E30EE}.Release|Any CPU.Build.0 = Release|Any CPU
		{5E3574B3-D339-420D-9786-54A06140BE81}.Debug|Any CPU.ActiveCfg = Debug|Any CPU
		{5E3574B3-D339-420D-9786-54A06140BE81}.Debug|Any CPU.Build.0 = Debug|Any CPU
		{5E3574B3-D339-420D-9786-54A06140BE81}.Release|Any CPU.ActiveCfg = Release|Any CPU
		{5E3574B3-D339-420D-9786-54A06140BE81}.Release|Any CPU.Build.0 = Release|Any CPU
		{BB59CF7A-A9D2-4E8D-8FF5-A883D995B81B}.Debug|Any CPU.ActiveCfg = Debug|Any CPU
		{BB59CF7A-A9D2-4E8D-8FF5-A883D995B81B}.Debug|Any CPU.Build.0 = Debug|Any CPU
		{BB59CF7A-A9D2-4E8D-8FF5-A883D995B81B}.Release|Any CPU.ActiveCfg = Release|Any CPU
		{BB59CF7A-A9D2-4E8D-8FF5-A883D995B81B}.Release|Any CPU.Build.0 = Release|Any CPU
		{15E3B4A8-9F41-442E-9549-FBC902D64AD6}.Debug|Any CPU.ActiveCfg = Debug|Any CPU
		{15E3B4A8-9F41-442E-9549-FBC902D64AD6}.Debug|Any CPU.Build.0 = Debug|Any CPU
		{15E3B4A8-9F41-442E-9549-FBC902D64AD6}.Release|Any CPU.ActiveCfg = Release|Any CPU
		{15E3B4A8-9F41-442E-9549-FBC902D64AD6}.Release|Any CPU.Build.0 = Release|Any CPU
		{2A7E296F-3ADC-4012-8406-75E5A2271186}.Debug|Any CPU.ActiveCfg = Debug|Any CPU
		{2A7E296F-3ADC-4012-8406-75E5A2271186}.Debug|Any CPU.Build.0 = Debug|Any CPU
		{2A7E296F-3ADC-4012-8406-75E5A2271186}.Release|Any CPU.ActiveCfg = Release|Any CPU
		{2A7E296F-3ADC-4012-8406-75E5A2271186}.Release|Any CPU.Build.0 = Release|Any CPU
		{759516B5-723C-4D43-A42D-5EE3C1CA9044}.Debug|Any CPU.ActiveCfg = Debug|Any CPU
		{759516B5-723C-4D43-A42D-5EE3C1CA9044}.Debug|Any CPU.Build.0 = Debug|Any CPU
		{759516B5-723C-4D43-A42D-5EE3C1CA9044}.Release|Any CPU.ActiveCfg = Release|Any CPU
		{759516B5-723C-4D43-A42D-5EE3C1CA9044}.Release|Any CPU.Build.0 = Release|Any CPU
	EndGlobalSection
	GlobalSection(SolutionProperties) = preSolution
		HideSolutionNode = FALSE
	EndGlobalSection
	GlobalSection(ExtensibilityGlobals) = postSolution
		SolutionGuid = {2BF013C0-5BCE-45A4-8ED9-CFE7679DF597}
	EndGlobalSection
EndGlobal
