
Microsoft Visual Studio Solution File, Format Version 12.00
# Visual Studio Version 16
VisualStudioVersion = 16.0.30517.126
MinimumVisualStudioVersion = 10.0.40219.1
Project("{FAE04EC0-301F-11D3-BF4B-00C04F79EFBC}") = "AnalisisDeCartera", "AnalisisDeCartera.csproj", "{50FB6FED-2639-4372-8553-4D7AD49DEC96}"
EndProject
Project("{FAE04EC0-301F-11D3-BF4B-00C04F79EFBC}") = "Co_Balance", "..\Co_Balance\Co_Balance.csproj", "{C419B3B0-2AD6-42F6-963A-C28D433BFF79}"
EndProject
Project("{FAE04EC0-301F-11D3-BF4B-00C04F79EFBC}") = "RecibosDeCaja", "..\RecibosDeCaja_Anticipos\RecibosDeCaja.csproj", "{FE195D33-828D-45DF-AB2F-6F4008DE8271}"
EndProject
Global
	GlobalSection(SolutionConfigurationPlatforms) = preSolution
		Debug|Any CPU = Debug|Any CPU
		Release|Any CPU = Release|Any CPU
	EndGlobalSection
	GlobalSection(ProjectConfigurationPlatforms) = postSolution
		{50FB6FED-2639-4372-8553-4D7AD49DEC96}.Debug|Any CPU.ActiveCfg = Debug|Any CPU
		{50FB6FED-2639-4372-8553-4D7AD49DEC96}.Debug|Any CPU.Build.0 = Debug|Any CPU
		{50FB6FED-2639-4372-8553-4D7AD49DEC96}.Release|Any CPU.ActiveCfg = Release|Any CPU
		{50FB6FED-2639-4372-8553-4D7AD49DEC96}.Release|Any CPU.Build.0 = Release|Any CPU
		{C419B3B0-2AD6-42F6-963A-C28D433BFF79}.Debug|Any CPU.ActiveCfg = Debug|Any CPU
		{C419B3B0-2AD6-42F6-963A-C28D433BFF79}.Debug|Any CPU.Build.0 = Debug|Any CPU
		{C419B3B0-2AD6-42F6-963A-C28D433BFF79}.Release|Any CPU.ActiveCfg = Release|Any CPU
		{C419B3B0-2AD6-42F6-963A-C28D433BFF79}.Release|Any CPU.Build.0 = Release|Any CPU
		{FE195D33-828D-45DF-AB2F-6F4008DE8271}.Debug|Any CPU.ActiveCfg = Debug|Any CPU
		{FE195D33-828D-45DF-AB2F-6F4008DE8271}.Debug|Any CPU.Build.0 = Debug|Any CPU
		{FE195D33-828D-45DF-AB2F-6F4008DE8271}.Release|Any CPU.ActiveCfg = Release|Any CPU
		{FE195D33-828D-45DF-AB2F-6F4008DE8271}.Release|Any CPU.Build.0 = Release|Any CPU
	EndGlobalSection
	GlobalSection(SolutionProperties) = preSolution
		HideSolutionNode = FALSE
	EndGlobalSection
	GlobalSection(ExtensibilityGlobals) = postSolution
		SolutionGuid = {88F687FE-34A0-433D-94ED-A39AB4455AC7}
	EndGlobalSection
EndGlobal
