
Microsoft Visual Studio Solution File, Format Version 12.00
# Visual Studio Version 16
VisualStudioVersion = 16.0.30523.141
MinimumVisualStudioVersion = 10.0.40219.1
Project("{FAE04EC0-301F-11D3-BF4B-00C04F79EFBC}") = "BalanceAcumuladoCuenta", "BalanceAcumuladoCuenta.csproj", "{1DC5A5E1-89CD-4A17-9CB3-75574B14FB36}"
EndProject
Project("{FAE04EC0-301F-11D3-BF4B-00C04F79EFBC}") = "Co_Balance", "..\Co_Balance\Co_Balance.csproj", "{C419B3B0-2AD6-42F6-963A-C28D433BFF79}"
EndProject
Global
	GlobalSection(SolutionConfigurationPlatforms) = preSolution
		Debug|Any CPU = Debug|Any CPU
		Release|Any CPU = Release|Any CPU
	EndGlobalSection
	GlobalSection(ProjectConfigurationPlatforms) = postSolution
		{1DC5A5E1-89CD-4A17-9CB3-75574B14FB36}.Debug|Any CPU.ActiveCfg = Debug|Any CPU
		{1DC5A5E1-89CD-4A17-9CB3-75574B14FB36}.Debug|Any CPU.Build.0 = Debug|Any CPU
		{1DC5A5E1-89CD-4A17-9CB3-75574B14FB36}.Release|Any CPU.ActiveCfg = Release|Any CPU
		{1DC5A5E1-89CD-4A17-9CB3-75574B14FB36}.Release|Any CPU.Build.0 = Release|Any CPU
		{C419B3B0-2AD6-42F6-963A-C28D433BFF79}.Debug|Any CPU.ActiveCfg = Debug|Any CPU
		{C419B3B0-2AD6-42F6-963A-C28D433BFF79}.Debug|Any CPU.Build.0 = Debug|Any CPU
		{C419B3B0-2AD6-42F6-963A-C28D433BFF79}.Release|Any CPU.ActiveCfg = Release|Any CPU
		{C419B3B0-2AD6-42F6-963A-C28D433BFF79}.Release|Any CPU.Build.0 = Release|Any CPU
	EndGlobalSection
	GlobalSection(SolutionProperties) = preSolution
		HideSolutionNode = FALSE
	EndGlobalSection
	GlobalSection(ExtensibilityGlobals) = postSolution
		SolutionGuid = {66975214-D3CA-41D7-8B6C-85EF22049264}
	EndGlobalSection
EndGlobal
