
Microsoft Visual Studio Solution File, Format Version 12.00
# Visual Studio 15
VisualStudioVersion = 15.0.28010.2036
MinimumVisualStudioVersion = 10.0.40219.1
Project("{FAE04EC0-301F-11D3-BF4B-00C04F79EFBC}") = "Co_BalanceAno", "Co_BalanceAno.csproj", "{536F0B45-CDC7-4AE6-85E9-ACBB6929A998}"
EndProject
Global
	GlobalSection(SolutionConfigurationPlatforms) = preSolution
		Debug|Any CPU = Debug|Any CPU
		Release|Any CPU = Release|Any CPU
	EndGlobalSection
	GlobalSection(ProjectConfigurationPlatforms) = postSolution
		{536F0B45-CDC7-4AE6-85E9-ACBB6929A998}.Debug|Any CPU.ActiveCfg = Debug|Any CPU
		{536F0B45-CDC7-4AE6-85E9-ACBB6929A998}.Debug|Any CPU.Build.0 = Debug|Any CPU
		{536F0B45-CDC7-4AE6-85E9-ACBB6929A998}.Release|Any CPU.ActiveCfg = Release|Any CPU
		{536F0B45-CDC7-4AE6-85E9-ACBB6929A998}.Release|Any CPU.Build.0 = Release|Any CPU
	EndGlobalSection
	GlobalSection(SolutionProperties) = preSolution
		HideSolutionNode = FALSE
	EndGlobalSection
	GlobalSection(ExtensibilityGlobals) = postSolution
		SolutionGuid = {B026BC51-0450-47DE-8F42-41B5725B944B}
	EndGlobalSection
EndGlobal
