
Microsoft Visual Studio Solution File, Format Version 12.00
# Visual Studio 15
VisualStudioVersion = 15.0.28010.2036
MinimumVisualStudioVersion = 10.0.40219.1
Project("{FAE04EC0-301F-11D3-BF4B-00C04F79EFBC}") = "NotasDocumentos", "NotasDocumentos.csproj", "{6593055A-B120-40FB-A8B6-169FE83E13EE}"
EndProject
Global
	GlobalSection(SolutionConfigurationPlatforms) = preSolution
		Debug|Any CPU = Debug|Any CPU
		Release|Any CPU = Release|Any CPU
	EndGlobalSection
	GlobalSection(ProjectConfigurationPlatforms) = postSolution
		{6593055A-B120-40FB-A8B6-169FE83E13EE}.Debug|Any CPU.ActiveCfg = Debug|Any CPU
		{6593055A-B120-40FB-A8B6-169FE83E13EE}.Debug|Any CPU.Build.0 = Debug|Any CPU
		{6593055A-B120-40FB-A8B6-169FE83E13EE}.Release|Any CPU.ActiveCfg = Release|Any CPU
		{6593055A-B120-40FB-A8B6-169FE83E13EE}.Release|Any CPU.Build.0 = Release|Any CPU
	EndGlobalSection
	GlobalSection(SolutionProperties) = preSolution
		HideSolutionNode = FALSE
	EndGlobalSection
	GlobalSection(ExtensibilityGlobals) = postSolution
		SolutionGuid = {22500F5A-E3C6-4623-A8C4-4262605FCE50}
	EndGlobalSection
EndGlobal
